
Microsoft Visual Studio Solution File, Format Version 12.00
# Visual Studio 15
VisualStudioVersion = 15.0.28307.421
MinimumVisualStudioVersion = 10.0.40219.1
Project("{2150E333-8FDC-42A3-9474-1A3956D46DE8}") = "0_thirdparty", "0_thirdparty", "{A4604152-6047-4F5F-9826-B7283AA16F0D}"
EndProject
Project("{8BC9CEB8-8B4A-11D0-8D11-00A0C91BC942}") = "libgame-music-emu", "thirdparty\game-music-emu-0.6.3\libgame-music-emu.vcxproj", "{A78DCBC4-077B-4884-A7F4-D9AF70EDB538}"
EndProject
Project("{8BC9CEB8-8B4A-11D0-8D11-00A0C91BC942}") = "game-music-emu", "thirdparty\game-music-emu-0.6.3\game-music-emu.vcxproj", "{97458760-D7E3-4B9D-8241-ED486F6DE106}"
EndProject
Project("{2150E333-8FDC-42A3-9474-1A3956D46DE8}") = "1_demo", "1_demo", "{A920B1AE-308B-4061-B9A3-F2528B9A0D95}"
EndProject
Project("{8BC9CEB8-8B4A-11D0-8D11-00A0C91BC942}") = "player", "demo\player\player.vcxproj", "{3CFD8D3C-5D69-47BF-9E96-BCD6AC473C8C}"
	ProjectSection(ProjectDependencies) = postProject
		{A78DCBC4-077B-4884-A7F4-D9AF70EDB538} = {A78DCBC4-077B-4884-A7F4-D9AF70EDB538}
		{719BF7D4-E9B0-39BE-AE9C-F3A615451580} = {719BF7D4-E9B0-39BE-AE9C-F3A615451580}
	EndProjectSection
EndProject
Project("{8BC9CEB8-8B4A-11D0-8D11-00A0C91BC942}") = "libSDL2", "thirdparty\SDL-2.23.0\libSDL2.vcxproj", "{719BF7D4-E9B0-39BE-AE9C-F3A615451580}"
EndProject
Project("{8BC9CEB8-8B4A-11D0-8D11-00A0C91BC942}") = "libSDL2main", "thirdparty\SDL-2.23.0\libSDL2main.vcxproj", "{D39A9338-307D-3C19-BB69-01BBB02A1EF4}"
EndProject
Project("{8BC9CEB8-8B4A-11D0-8D11-00A0C91BC942}") = "demo", "demo\demo\demo.vcxproj", "{E2DF0629-A8EC-4F39-BFCA-9CE89A0ED34E}"
EndProject
Project("{8BC9CEB8-8B4A-11D0-8D11-00A0C91BC942}") = "demo_mem", "demo\demo\demo_mem.vcxproj", "{16CB25EF-A227-4FD1-ACA5-B7AD2ACFA900}"
EndProject
Project("{8BC9CEB8-8B4A-11D0-8D11-00A0C91BC942}") = "features", "demo\demo\features.vcxproj", "{FE008ADB-4701-4105-AA9D-9BA74B4F11CA}"
EndProject
Project("{8BC9CEB8-8B4A-11D0-8D11-00A0C91BC942}") = "cpp_basics", "demo\demo\cpp_basics.vcxproj", "{0922DF78-B31E-43F6-8162-D8E6D382228C}"
EndProject
Project("{8BC9CEB8-8B4A-11D0-8D11-00A0C91BC942}") = "basics", "demo\test\basics.vcxproj", "{4B237329-747C-459C-9036-ADF6D0700214}"
EndProject
Project("{8BC9CEB8-8B4A-11D0-8D11-00A0C91BC942}") = "basics_mem", "demo\test\basics_mem.vcxproj", "{10517457-5F6A-44A3-9F44-82071A6A900B}"
EndProject
Project("{2150E333-8FDC-42A3-9474-1A3956D46DE8}") = "demo", "demo", "{509D9D6E-3664-402E-82BE-2F1E8F6AFC12}"
EndProject
Project("{2150E333-8FDC-42A3-9474-1A3956D46DE8}") = "player", "player", "{6C8251B7-BBE8-438D-8A04-6AF5DBF0344A}"
EndProject
Project("{2150E333-8FDC-42A3-9474-1A3956D46DE8}") = "test", "test", "{294C8851-89E4-4BA8-A672-E6775E0B4493}"
EndProject
Project("{2150E333-8FDC-42A3-9474-1A3956D46DE8}") = "0_lib", "0_lib", "{64043756-8B70-442E-916D-B0E464F1C237}"
EndProject
Project("{2150E333-8FDC-42A3-9474-1A3956D46DE8}") = "1_dll", "1_dll", "{C5B6876A-BEA7-463B-975D-FD2C6444179C}"
EndProject
Project("{8BC9CEB8-8B4A-11D0-8D11-00A0C91BC942}") = "SDL2", "thirdparty\SDL-2.23.0\SDL2.vcxproj", "{3E9579C2-678A-39D4-B000-E2B6D7C73535}"
EndProject
Global
	GlobalSection(SolutionConfigurationPlatforms) = preSolution
		Debug|x64 = Debug|x64
		Release|x64 = Release|x64
	EndGlobalSection
	GlobalSection(ProjectConfigurationPlatforms) = postSolution
		{A78DCBC4-077B-4884-A7F4-D9AF70EDB538}.Debug|x64.ActiveCfg = Debug|x64
		{A78DCBC4-077B-4884-A7F4-D9AF70EDB538}.Debug|x64.Build.0 = Debug|x64
		{A78DCBC4-077B-4884-A7F4-D9AF70EDB538}.Release|x64.ActiveCfg = Release|x64
		{A78DCBC4-077B-4884-A7F4-D9AF70EDB538}.Release|x64.Build.0 = Release|x64
		{97458760-D7E3-4B9D-8241-ED486F6DE106}.Debug|x64.ActiveCfg = Debug|x64
		{97458760-D7E3-4B9D-8241-ED486F6DE106}.Debug|x64.Build.0 = Debug|x64
		{97458760-D7E3-4B9D-8241-ED486F6DE106}.Release|x64.ActiveCfg = Release|x64
		{97458760-D7E3-4B9D-8241-ED486F6DE106}.Release|x64.Build.0 = Release|x64
		{3CFD8D3C-5D69-47BF-9E96-BCD6AC473C8C}.Debug|x64.ActiveCfg = Debug|x64
		{3CFD8D3C-5D69-47BF-9E96-BCD6AC473C8C}.Debug|x64.Build.0 = Debug|x64
		{3CFD8D3C-5D69-47BF-9E96-BCD6AC473C8C}.Release|x64.ActiveCfg = Release|x64
		{3CFD8D3C-5D69-47BF-9E96-BCD6AC473C8C}.Release|x64.Build.0 = Release|x64
		{719BF7D4-E9B0-39BE-AE9C-F3A615451580}.Debug|x64.ActiveCfg = Debug|x64
		{719BF7D4-E9B0-39BE-AE9C-F3A615451580}.Debug|x64.Build.0 = Debug|x64
		{719BF7D4-E9B0-39BE-AE9C-F3A615451580}.Release|x64.ActiveCfg = Release|x64
		{719BF7D4-E9B0-39BE-AE9C-F3A615451580}.Release|x64.Build.0 = Release|x64
		{D39A9338-307D-3C19-BB69-01BBB02A1EF4}.Debug|x64.ActiveCfg = Debug|x64
		{D39A9338-307D-3C19-BB69-01BBB02A1EF4}.Debug|x64.Build.0 = Debug|x64
		{D39A9338-307D-3C19-BB69-01BBB02A1EF4}.Release|x64.ActiveCfg = Release|x64
		{D39A9338-307D-3C19-BB69-01BBB02A1EF4}.Release|x64.Build.0 = Release|x64
		{E2DF0629-A8EC-4F39-BFCA-9CE89A0ED34E}.Debug|x64.ActiveCfg = Debug|x64
		{E2DF0629-A8EC-4F39-BFCA-9CE89A0ED34E}.Debug|x64.Build.0 = Debug|x64
		{E2DF0629-A8EC-4F39-BFCA-9CE89A0ED34E}.Release|x64.ActiveCfg = Release|x64
		{E2DF0629-A8EC-4F39-BFCA-9CE89A0ED34E}.Release|x64.Build.0 = Release|x64
		{16CB25EF-A227-4FD1-ACA5-B7AD2ACFA900}.Debug|x64.ActiveCfg = Debug|x64
		{16CB25EF-A227-4FD1-ACA5-B7AD2ACFA900}.Debug|x64.Build.0 = Debug|x64
		{16CB25EF-A227-4FD1-ACA5-B7AD2ACFA900}.Release|x64.ActiveCfg = Release|x64
		{16CB25EF-A227-4FD1-ACA5-B7AD2ACFA900}.Release|x64.Build.0 = Release|x64
		{FE008ADB-4701-4105-AA9D-9BA74B4F11CA}.Debug|x64.ActiveCfg = Debug|x64
		{FE008ADB-4701-4105-AA9D-9BA74B4F11CA}.Debug|x64.Build.0 = Debug|x64
		{FE008ADB-4701-4105-AA9D-9BA74B4F11CA}.Release|x64.ActiveCfg = Release|x64
		{FE008ADB-4701-4105-AA9D-9BA74B4F11CA}.Release|x64.Build.0 = Release|x64
		{0922DF78-B31E-43F6-8162-D8E6D382228C}.Debug|x64.ActiveCfg = Debug|x64
		{0922DF78-B31E-43F6-8162-D8E6D382228C}.Debug|x64.Build.0 = Debug|x64
		{0922DF78-B31E-43F6-8162-D8E6D382228C}.Release|x64.ActiveCfg = Release|x64
		{0922DF78-B31E-43F6-8162-D8E6D382228C}.Release|x64.Build.0 = Release|x64
		{4B237329-747C-459C-9036-ADF6D0700214}.Debug|x64.ActiveCfg = Debug|x64
		{4B237329-747C-459C-9036-ADF6D0700214}.Debug|x64.Build.0 = Debug|x64
		{4B237329-747C-459C-9036-ADF6D0700214}.Release|x64.ActiveCfg = Release|x64
		{4B237329-747C-459C-9036-ADF6D0700214}.Release|x64.Build.0 = Release|x64
		{10517457-5F6A-44A3-9F44-82071A6A900B}.Debug|x64.ActiveCfg = Debug|x64
		{10517457-5F6A-44A3-9F44-82071A6A900B}.Debug|x64.Build.0 = Debug|x64
		{10517457-5F6A-44A3-9F44-82071A6A900B}.Release|x64.ActiveCfg = Release|x64
		{10517457-5F6A-44A3-9F44-82071A6A900B}.Release|x64.Build.0 = Release|x64
		{3E9579C2-678A-39D4-B000-E2B6D7C73535}.Debug|x64.ActiveCfg = Debug|x64
		{3E9579C2-678A-39D4-B000-E2B6D7C73535}.Debug|x64.Build.0 = Debug|x64
		{3E9579C2-678A-39D4-B000-E2B6D7C73535}.Release|x64.ActiveCfg = Release|x64
		{3E9579C2-678A-39D4-B000-E2B6D7C73535}.Release|x64.Build.0 = Release|x64
	EndGlobalSection
	GlobalSection(SolutionProperties) = preSolution
		HideSolutionNode = FALSE
	EndGlobalSection
	GlobalSection(NestedProjects) = preSolution
		{A78DCBC4-077B-4884-A7F4-D9AF70EDB538} = {64043756-8B70-442E-916D-B0E464F1C237}
		{97458760-D7E3-4B9D-8241-ED486F6DE106} = {C5B6876A-BEA7-463B-975D-FD2C6444179C}
		{3CFD8D3C-5D69-47BF-9E96-BCD6AC473C8C} = {6C8251B7-BBE8-438D-8A04-6AF5DBF0344A}
		{719BF7D4-E9B0-39BE-AE9C-F3A615451580} = {64043756-8B70-442E-916D-B0E464F1C237}
		{D39A9338-307D-3C19-BB69-01BBB02A1EF4} = {64043756-8B70-442E-916D-B0E464F1C237}
		{E2DF0629-A8EC-4F39-BFCA-9CE89A0ED34E} = {509D9D6E-3664-402E-82BE-2F1E8F6AFC12}
		{16CB25EF-A227-4FD1-ACA5-B7AD2ACFA900} = {509D9D6E-3664-402E-82BE-2F1E8F6AFC12}
		{FE008ADB-4701-4105-AA9D-9BA74B4F11CA} = {509D9D6E-3664-402E-82BE-2F1E8F6AFC12}
		{0922DF78-B31E-43F6-8162-D8E6D382228C} = {509D9D6E-3664-402E-82BE-2F1E8F6AFC12}
		{4B237329-747C-459C-9036-ADF6D0700214} = {294C8851-89E4-4BA8-A672-E6775E0B4493}
		{10517457-5F6A-44A3-9F44-82071A6A900B} = {294C8851-89E4-4BA8-A672-E6775E0B4493}
		{509D9D6E-3664-402E-82BE-2F1E8F6AFC12} = {A920B1AE-308B-4061-B9A3-F2528B9A0D95}
		{6C8251B7-BBE8-438D-8A04-6AF5DBF0344A} = {A920B1AE-308B-4061-B9A3-F2528B9A0D95}
		{294C8851-89E4-4BA8-A672-E6775E0B4493} = {A920B1AE-308B-4061-B9A3-F2528B9A0D95}
		{64043756-8B70-442E-916D-B0E464F1C237} = {A4604152-6047-4F5F-9826-B7283AA16F0D}
		{C5B6876A-BEA7-463B-975D-FD2C6444179C} = {A4604152-6047-4F5F-9826-B7283AA16F0D}
		{3E9579C2-678A-39D4-B000-E2B6D7C73535} = {C5B6876A-BEA7-463B-975D-FD2C6444179C}
	EndGlobalSection
	GlobalSection(ExtensibilityGlobals) = postSolution
		SolutionGuid = {0A8CEE52-492A-4393-9DD8-1A14948800DE}
	EndGlobalSection
EndGlobal
